
Microsoft Visual Studio Solution File, Format Version 12.00
# Visual Studio Version 16
VisualStudioVersion = 16.0.35130.168
MinimumVisualStudioVersion = 10.0.40219.1
Project("{FAE04EC0-301F-11D3-BF4B-00C04F79EFBC}") = "Snake Project", "Snake Project.csproj", "{C2FC6500-A257-4FEA-8164-FE90A5A88366}"
EndProject
Global
	GlobalSection(SolutionConfigurationPlatforms) = preSolution
		Debug|Any CPU = Debug|Any CPU
		Release|Any CPU = Release|Any CPU
	EndGlobalSection
	GlobalSection(ProjectConfigurationPlatforms) = postSolution
		{C2FC6500-A257-4FEA-8164-FE90A5A88366}.Debug|Any CPU.ActiveCfg = Debug|Any CPU
		{C2FC6500-A257-4FEA-8164-FE90A5A88366}.Debug|Any CPU.Build.0 = Debug|Any CPU
		{C2FC6500-A257-4FEA-8164-FE90A5A88366}.Release|Any CPU.ActiveCfg = Release|Any CPU
		{C2FC6500-A257-4FEA-8164-FE90A5A88366}.Release|Any CPU.Build.0 = Release|Any CPU
	EndGlobalSection
	GlobalSection(SolutionProperties) = preSolution
		HideSolutionNode = FALSE
	EndGlobalSection
	GlobalSection(ExtensibilityGlobals) = postSolution
		SolutionGuid = {F102FA73-5D1D-4C8E-8E95-0562EF58E974}
	EndGlobalSection
EndGlobal
